{
  "name": "@rixo/eslint-config-svelte",
  "version": "0.7.0-alpha.6",
  "lockfileVersion": 1,
  "requires": true,
  "dependencies": {
    "eslint-plugin-svelte3": {
      "version": "2.2.1",
      "resolved": "https://registry.npmjs.org/eslint-plugin-svelte3/-/eslint-plugin-svelte3-2.2.1.tgz",
      "integrity": "sha512-oWZm5okdQLLMUJp8QTpl5pRYg0J8AmXFjy5IypAYhHLWMzmq29SdHJRoLj3noUEU6zXxI9lqDi8vP8WPc3uO3w=="
    },
    "prettier-plugin-svelte": {
      "version": "0.6.0",
      "resolved": "https://registry.npmjs.org/prettier-plugin-svelte/-/prettier-plugin-svelte-0.6.0.tgz",
      "integrity": "sha512-F0JjRXJuOt090nCMrDN33hll3+kymaeAXWm8MNOhtzKSQDvgKP1if80kgKNHXlyp01+CJI9/08ZPHkekesitlQ==",
      "requires": {
        "tslib": "^1.9.3"
      }
    },
    "tslib": {
      "version": "1.10.0",
      "resolved": "https://registry.npmjs.org/tslib/-/tslib-1.10.0.tgz",
      "integrity": "sha512-qOebF53frne81cf0S9B41ByenJ3/IuH8yJKngAX35CmiZySA0khhkovshKK+jGCaMnVomla7gVlIcc3EvKPbTQ=="
    }
  }
}
